
Microsoft Visual Studio Solution File, Format Version 12.00
# Visual Studio 2012
Project("{FAE04EC0-301F-11D3-BF4B-00C04F79EFBC}") = "04.HelloCSharp", "04.HelloCSharp\04.HelloCSharp.csproj", "{50B09125-C74A-409C-B18A-BD811A89052A}"
EndProject
Project("{FAE04EC0-301F-11D3-BF4B-00C04F79EFBC}") = "05.PrintMyName", "05.PrintMyName\05.PrintMyName.csproj", "{C25551A5-3D3F-4F06-A72F-69B07DB645D3}"
EndProject
Project("{FAE04EC0-301F-11D3-BF4B-00C04F79EFBC}") = "06.ThreeNumber's", "06.ThreeNumber's\06.ThreeNumber's.csproj", "{D0E525ED-F3B5-4099-87C9-AB8B0BDD8396}"
EndProject
Project("{FAE04EC0-301F-11D3-BF4B-00C04F79EFBC}") = "07.PrintFirstAndLastName", "07.PrintFirstAndLastName\07.PrintFirstAndLastName.csproj", "{47EA568F-4F40-45E8-AA13-6F9CA463A47A}"
EndProject
Project("{FAE04EC0-301F-11D3-BF4B-00C04F79EFBC}") = "08.SquareRoot", "08.SquareRoot\08.SquareRoot.csproj", "{747F79B7-B1CB-48AA-9392-F00189CD1313}"
EndProject
Project("{FAE04EC0-301F-11D3-BF4B-00C04F79EFBC}") = "09.First10Members", "09.First10Members\09.First10Members.csproj", "{0CC67415-3631-45D3-A793-2C8B37038418}"
EndProject
Project("{FAE04EC0-301F-11D3-BF4B-00C04F79EFBC}") = "10.PascalCase", "10.PascalCase\10.PascalCase.csproj", "{7EF1EDAF-2A43-4235-B202-D464B77BD8CE}"
EndProject
Project("{FAE04EC0-301F-11D3-BF4B-00C04F79EFBC}") = "14.CurrentDateAndTime", "14.CurrentDateAndTime\14.CurrentDateAndTime.csproj", "{BAB8595C-F7C6-44E5-A4C1-41231F4BD1F8}"
EndProject
Project("{FAE04EC0-301F-11D3-BF4B-00C04F79EFBC}") = "15.AgeAfter10Years", "15.AgeAfter10Years\15.AgeAfter10Years.csproj", "{7F0DB86D-12B3-4457-AD93-DF2593A40FEB}"
EndProject
Project("{FAE04EC0-301F-11D3-BF4B-00C04F79EFBC}") = "16.First1000Members", "16.First1000Members\16.First1000Members.csproj", "{FE8AE7CF-5AB1-4808-9F7E-5CBC2E04DC0F}"
EndProject
Project("{FAE04EC0-301F-11D3-BF4B-00C04F79EFBC}") = "17.PlayWithDebugger", "17.PlayWithDebugger\17.PlayWithDebugger.csproj", "{6B544E28-0F05-4539-B85D-C34D1A90C13F}"
EndProject
Global
	GlobalSection(SolutionConfigurationPlatforms) = preSolution
		Debug|Any CPU = Debug|Any CPU
		Release|Any CPU = Release|Any CPU
	EndGlobalSection
	GlobalSection(ProjectConfigurationPlatforms) = postSolution
		{50B09125-C74A-409C-B18A-BD811A89052A}.Debug|Any CPU.ActiveCfg = Debug|Any CPU
		{50B09125-C74A-409C-B18A-BD811A89052A}.Debug|Any CPU.Build.0 = Debug|Any CPU
		{50B09125-C74A-409C-B18A-BD811A89052A}.Release|Any CPU.ActiveCfg = Release|Any CPU
		{50B09125-C74A-409C-B18A-BD811A89052A}.Release|Any CPU.Build.0 = Release|Any CPU
		{C25551A5-3D3F-4F06-A72F-69B07DB645D3}.Debug|Any CPU.ActiveCfg = Debug|Any CPU
		{C25551A5-3D3F-4F06-A72F-69B07DB645D3}.Debug|Any CPU.Build.0 = Debug|Any CPU
		{C25551A5-3D3F-4F06-A72F-69B07DB645D3}.Release|Any CPU.ActiveCfg = Release|Any CPU
		{C25551A5-3D3F-4F06-A72F-69B07DB645D3}.Release|Any CPU.Build.0 = Release|Any CPU
		{D0E525ED-F3B5-4099-87C9-AB8B0BDD8396}.Debug|Any CPU.ActiveCfg = Debug|Any CPU
		{D0E525ED-F3B5-4099-87C9-AB8B0BDD8396}.Debug|Any CPU.Build.0 = Debug|Any CPU
		{D0E525ED-F3B5-4099-87C9-AB8B0BDD8396}.Release|Any CPU.ActiveCfg = Release|Any CPU
		{D0E525ED-F3B5-4099-87C9-AB8B0BDD8396}.Release|Any CPU.Build.0 = Release|Any CPU
		{47EA568F-4F40-45E8-AA13-6F9CA463A47A}.Debug|Any CPU.ActiveCfg = Debug|Any CPU
		{47EA568F-4F40-45E8-AA13-6F9CA463A47A}.Debug|Any CPU.Build.0 = Debug|Any CPU
		{47EA568F-4F40-45E8-AA13-6F9CA463A47A}.Release|Any CPU.ActiveCfg = Release|Any CPU
		{47EA568F-4F40-45E8-AA13-6F9CA463A47A}.Release|Any CPU.Build.0 = Release|Any CPU
		{747F79B7-B1CB-48AA-9392-F00189CD1313}.Debug|Any CPU.ActiveCfg = Debug|Any CPU
		{747F79B7-B1CB-48AA-9392-F00189CD1313}.Debug|Any CPU.Build.0 = Debug|Any CPU
		{747F79B7-B1CB-48AA-9392-F00189CD1313}.Release|Any CPU.ActiveCfg = Release|Any CPU
		{747F79B7-B1CB-48AA-9392-F00189CD1313}.Release|Any CPU.Build.0 = Release|Any CPU
		{0CC67415-3631-45D3-A793-2C8B37038418}.Debug|Any CPU.ActiveCfg = Debug|Any CPU
		{0CC67415-3631-45D3-A793-2C8B37038418}.Debug|Any CPU.Build.0 = Debug|Any CPU
		{0CC67415-3631-45D3-A793-2C8B37038418}.Release|Any CPU.ActiveCfg = Release|Any CPU
		{0CC67415-3631-45D3-A793-2C8B37038418}.Release|Any CPU.Build.0 = Release|Any CPU
		{7EF1EDAF-2A43-4235-B202-D464B77BD8CE}.Debug|Any CPU.ActiveCfg = Debug|Any CPU
		{7EF1EDAF-2A43-4235-B202-D464B77BD8CE}.Debug|Any CPU.Build.0 = Debug|Any CPU
		{7EF1EDAF-2A43-4235-B202-D464B77BD8CE}.Release|Any CPU.ActiveCfg = Release|Any CPU
		{7EF1EDAF-2A43-4235-B202-D464B77BD8CE}.Release|Any CPU.Build.0 = Release|Any CPU
		{BAB8595C-F7C6-44E5-A4C1-41231F4BD1F8}.Debug|Any CPU.ActiveCfg = Debug|Any CPU
		{BAB8595C-F7C6-44E5-A4C1-41231F4BD1F8}.Debug|Any CPU.Build.0 = Debug|Any CPU
		{BAB8595C-F7C6-44E5-A4C1-41231F4BD1F8}.Release|Any CPU.ActiveCfg = Release|Any CPU
		{BAB8595C-F7C6-44E5-A4C1-41231F4BD1F8}.Release|Any CPU.Build.0 = Release|Any CPU
		{7F0DB86D-12B3-4457-AD93-DF2593A40FEB}.Debug|Any CPU.ActiveCfg = Debug|Any CPU
		{7F0DB86D-12B3-4457-AD93-DF2593A40FEB}.Debug|Any CPU.Build.0 = Debug|Any CPU
		{7F0DB86D-12B3-4457-AD93-DF2593A40FEB}.Release|Any CPU.ActiveCfg = Release|Any CPU
		{7F0DB86D-12B3-4457-AD93-DF2593A40FEB}.Release|Any CPU.Build.0 = Release|Any CPU
		{FE8AE7CF-5AB1-4808-9F7E-5CBC2E04DC0F}.Debug|Any CPU.ActiveCfg = Debug|Any CPU
		{FE8AE7CF-5AB1-4808-9F7E-5CBC2E04DC0F}.Debug|Any CPU.Build.0 = Debug|Any CPU
		{FE8AE7CF-5AB1-4808-9F7E-5CBC2E04DC0F}.Release|Any CPU.ActiveCfg = Release|Any CPU
		{FE8AE7CF-5AB1-4808-9F7E-5CBC2E04DC0F}.Release|Any CPU.Build.0 = Release|Any CPU
		{6B544E28-0F05-4539-B85D-C34D1A90C13F}.Debug|Any CPU.ActiveCfg = Debug|Any CPU
		{6B544E28-0F05-4539-B85D-C34D1A90C13F}.Debug|Any CPU.Build.0 = Debug|Any CPU
		{6B544E28-0F05-4539-B85D-C34D1A90C13F}.Release|Any CPU.ActiveCfg = Release|Any CPU
		{6B544E28-0F05-4539-B85D-C34D1A90C13F}.Release|Any CPU.Build.0 = Release|Any CPU
	EndGlobalSection
	GlobalSection(SolutionProperties) = preSolution
		HideSolutionNode = FALSE
	EndGlobalSection
EndGlobal
