
Microsoft Visual Studio Solution File, Format Version 12.00
# Visual Studio 14
VisualStudioVersion = 14.0.25420.1
MinimumVisualStudioVersion = 10.0.40219.1
Project("{FAE04EC0-301F-11D3-BF4B-00C04F79EFBC}") = "01.SoftuniCoffeeOrders", "01.SoftuniCoffeeOrders\01.SoftuniCoffeeOrders.csproj", "{E2AD49B3-C68E-4108-B028-AA4BC15458F8}"
EndProject
Project("{FAE04EC0-301F-11D3-BF4B-00C04F79EFBC}") = "02.CommandInterpreter", "02.CommandInterpreter\02.CommandInterpreter.csproj", "{7201FDE3-010C-436C-AE94-378D4DE98B06}"
EndProject
Project("{FAE04EC0-301F-11D3-BF4B-00C04F79EFBC}") = "03.RageQuit", "03.RageQuit\03.RageQuit.csproj", "{AAA40864-FE56-4D85-955B-63EFCAB937F5}"
EndProject
Project("{FAE04EC0-301F-11D3-BF4B-00C04F79EFBC}") = "04.Files", "04.Files\04.Files.csproj", "{A35EF432-E166-4FA5-ACDC-6FB92042CA16}"
EndProject
Global
	GlobalSection(SolutionConfigurationPlatforms) = preSolution
		Debug|Any CPU = Debug|Any CPU
		Release|Any CPU = Release|Any CPU
	EndGlobalSection
	GlobalSection(ProjectConfigurationPlatforms) = postSolution
		{E2AD49B3-C68E-4108-B028-AA4BC15458F8}.Debug|Any CPU.ActiveCfg = Debug|Any CPU
		{E2AD49B3-C68E-4108-B028-AA4BC15458F8}.Debug|Any CPU.Build.0 = Debug|Any CPU
		{E2AD49B3-C68E-4108-B028-AA4BC15458F8}.Release|Any CPU.ActiveCfg = Release|Any CPU
		{E2AD49B3-C68E-4108-B028-AA4BC15458F8}.Release|Any CPU.Build.0 = Release|Any CPU
		{7201FDE3-010C-436C-AE94-378D4DE98B06}.Debug|Any CPU.ActiveCfg = Debug|Any CPU
		{7201FDE3-010C-436C-AE94-378D4DE98B06}.Debug|Any CPU.Build.0 = Debug|Any CPU
		{7201FDE3-010C-436C-AE94-378D4DE98B06}.Release|Any CPU.ActiveCfg = Release|Any CPU
		{7201FDE3-010C-436C-AE94-378D4DE98B06}.Release|Any CPU.Build.0 = Release|Any CPU
		{AAA40864-FE56-4D85-955B-63EFCAB937F5}.Debug|Any CPU.ActiveCfg = Debug|Any CPU
		{AAA40864-FE56-4D85-955B-63EFCAB937F5}.Debug|Any CPU.Build.0 = Debug|Any CPU
		{AAA40864-FE56-4D85-955B-63EFCAB937F5}.Release|Any CPU.ActiveCfg = Release|Any CPU
		{AAA40864-FE56-4D85-955B-63EFCAB937F5}.Release|Any CPU.Build.0 = Release|Any CPU
		{A35EF432-E166-4FA5-ACDC-6FB92042CA16}.Debug|Any CPU.ActiveCfg = Debug|Any CPU
		{A35EF432-E166-4FA5-ACDC-6FB92042CA16}.Debug|Any CPU.Build.0 = Debug|Any CPU
		{A35EF432-E166-4FA5-ACDC-6FB92042CA16}.Release|Any CPU.ActiveCfg = Release|Any CPU
		{A35EF432-E166-4FA5-ACDC-6FB92042CA16}.Release|Any CPU.Build.0 = Release|Any CPU
	EndGlobalSection
	GlobalSection(SolutionProperties) = preSolution
		HideSolutionNode = FALSE
	EndGlobalSection
EndGlobal
