
Microsoft Visual Studio Solution File, Format Version 12.00
# Visual Studio 14
VisualStudioVersion = 14.0.25420.1
MinimumVisualStudioVersion = 10.0.40219.1
Project("{FAE04EC0-301F-11D3-BF4B-00C04F79EFBC}") = "01.From1To100", "01.From1To100\01.From1To100.csproj", "{270E3533-A0A3-41DB-BA26-D083F1DBB904}"
EndProject
Project("{FAE04EC0-301F-11D3-BF4B-00C04F79EFBC}") = "02.NumberEndingIn7", "02.NumberEndingIn7\02.NumberEndingIn7.csproj", "{0B754F50-AC98-4999-BC0F-19B28CCEF605}"
EndProject
Project("{FAE04EC0-301F-11D3-BF4B-00C04F79EFBC}") = "03.LatinLetters", "03.LatinLetters\03.LatinLetters.csproj", "{E31CC0B0-B993-461C-89FA-E48AD11B04CC}"
EndProject
Project("{FAE04EC0-301F-11D3-BF4B-00C04F79EFBC}") = "04.SumNumbers", "04.SumNumbers\04.SumNumbers.csproj", "{B67E84C4-94EE-4FE8-9574-9D313A2C8F58}"
EndProject
Project("{FAE04EC0-301F-11D3-BF4B-00C04F79EFBC}") = "05.MaxNumber", "05.MaxNumber\05.MaxNumber.csproj", "{83DD3C19-32A4-46D6-B967-01354261CC7C}"
EndProject
Project("{FAE04EC0-301F-11D3-BF4B-00C04F79EFBC}") = "06.MinNum", "06.MinNum\06.MinNum.csproj", "{551EEF75-C3FC-4255-BDC2-5FD2369978A7}"
EndProject
Project("{FAE04EC0-301F-11D3-BF4B-00C04F79EFBC}") = "07.LeftAndRightSum", "07.LeftAndRightSum\07.LeftAndRightSum.csproj", "{33D480E8-FD6A-4A83-8C0E-43EAD86D2A2C}"
EndProject
Project("{FAE04EC0-301F-11D3-BF4B-00C04F79EFBC}") = "08.OddEvenSum", "08.OddEvenSum\08.OddEvenSum.csproj", "{413994FD-7FC8-4824-A514-987CB6605463}"
EndProject
Project("{FAE04EC0-301F-11D3-BF4B-00C04F79EFBC}") = "09.VowelsSum", "09.VowelsSum\09.VowelsSum.csproj", "{7812AC94-3E2A-4783-ADB3-13631113911C}"
EndProject
Project("{FAE04EC0-301F-11D3-BF4B-00C04F79EFBC}") = "10.TurtleFormApplication", "10.TurtleFormApplication\10.TurtleFormApplication.csproj", "{FE359EFB-6723-48EA-81AD-1B094DA41628}"
EndProject
Project("{FAE04EC0-301F-11D3-BF4B-00C04F79EFBC}") = "16.HalfSumElements", "16.HalfSumElements\16.HalfSumElements.csproj", "{25EC82CB-B91D-49D5-899F-226B4BA906F5}"
EndProject
Project("{FAE04EC0-301F-11D3-BF4B-00C04F79EFBC}") = "17.OddEvenPositions", "17.OddEvenPositions\17.OddEvenPositions.csproj", "{2A2F641A-9064-4E6E-A624-AFDFC9E1C875}"
EndProject
Project("{FAE04EC0-301F-11D3-BF4B-00C04F79EFBC}") = "18.EqualPairs", "18.EqualPairs\18.EqualPairs.csproj", "{9339B389-F686-4C72-954A-3752810F9E2E}"
EndProject
Global
	GlobalSection(SolutionConfigurationPlatforms) = preSolution
		Debug|Any CPU = Debug|Any CPU
		Release|Any CPU = Release|Any CPU
	EndGlobalSection
	GlobalSection(ProjectConfigurationPlatforms) = postSolution
		{270E3533-A0A3-41DB-BA26-D083F1DBB904}.Debug|Any CPU.ActiveCfg = Debug|Any CPU
		{270E3533-A0A3-41DB-BA26-D083F1DBB904}.Debug|Any CPU.Build.0 = Debug|Any CPU
		{270E3533-A0A3-41DB-BA26-D083F1DBB904}.Release|Any CPU.ActiveCfg = Release|Any CPU
		{270E3533-A0A3-41DB-BA26-D083F1DBB904}.Release|Any CPU.Build.0 = Release|Any CPU
		{0B754F50-AC98-4999-BC0F-19B28CCEF605}.Debug|Any CPU.ActiveCfg = Debug|Any CPU
		{0B754F50-AC98-4999-BC0F-19B28CCEF605}.Debug|Any CPU.Build.0 = Debug|Any CPU
		{0B754F50-AC98-4999-BC0F-19B28CCEF605}.Release|Any CPU.ActiveCfg = Release|Any CPU
		{0B754F50-AC98-4999-BC0F-19B28CCEF605}.Release|Any CPU.Build.0 = Release|Any CPU
		{E31CC0B0-B993-461C-89FA-E48AD11B04CC}.Debug|Any CPU.ActiveCfg = Debug|Any CPU
		{E31CC0B0-B993-461C-89FA-E48AD11B04CC}.Debug|Any CPU.Build.0 = Debug|Any CPU
		{E31CC0B0-B993-461C-89FA-E48AD11B04CC}.Release|Any CPU.ActiveCfg = Release|Any CPU
		{E31CC0B0-B993-461C-89FA-E48AD11B04CC}.Release|Any CPU.Build.0 = Release|Any CPU
		{B67E84C4-94EE-4FE8-9574-9D313A2C8F58}.Debug|Any CPU.ActiveCfg = Debug|Any CPU
		{B67E84C4-94EE-4FE8-9574-9D313A2C8F58}.Debug|Any CPU.Build.0 = Debug|Any CPU
		{B67E84C4-94EE-4FE8-9574-9D313A2C8F58}.Release|Any CPU.ActiveCfg = Release|Any CPU
		{B67E84C4-94EE-4FE8-9574-9D313A2C8F58}.Release|Any CPU.Build.0 = Release|Any CPU
		{83DD3C19-32A4-46D6-B967-01354261CC7C}.Debug|Any CPU.ActiveCfg = Debug|Any CPU
		{83DD3C19-32A4-46D6-B967-01354261CC7C}.Debug|Any CPU.Build.0 = Debug|Any CPU
		{83DD3C19-32A4-46D6-B967-01354261CC7C}.Release|Any CPU.ActiveCfg = Release|Any CPU
		{83DD3C19-32A4-46D6-B967-01354261CC7C}.Release|Any CPU.Build.0 = Release|Any CPU
		{551EEF75-C3FC-4255-BDC2-5FD2369978A7}.Debug|Any CPU.ActiveCfg = Debug|Any CPU
		{551EEF75-C3FC-4255-BDC2-5FD2369978A7}.Debug|Any CPU.Build.0 = Debug|Any CPU
		{551EEF75-C3FC-4255-BDC2-5FD2369978A7}.Release|Any CPU.ActiveCfg = Release|Any CPU
		{551EEF75-C3FC-4255-BDC2-5FD2369978A7}.Release|Any CPU.Build.0 = Release|Any CPU
		{33D480E8-FD6A-4A83-8C0E-43EAD86D2A2C}.Debug|Any CPU.ActiveCfg = Debug|Any CPU
		{33D480E8-FD6A-4A83-8C0E-43EAD86D2A2C}.Debug|Any CPU.Build.0 = Debug|Any CPU
		{33D480E8-FD6A-4A83-8C0E-43EAD86D2A2C}.Release|Any CPU.ActiveCfg = Release|Any CPU
		{33D480E8-FD6A-4A83-8C0E-43EAD86D2A2C}.Release|Any CPU.Build.0 = Release|Any CPU
		{413994FD-7FC8-4824-A514-987CB6605463}.Debug|Any CPU.ActiveCfg = Debug|Any CPU
		{413994FD-7FC8-4824-A514-987CB6605463}.Debug|Any CPU.Build.0 = Debug|Any CPU
		{413994FD-7FC8-4824-A514-987CB6605463}.Release|Any CPU.ActiveCfg = Release|Any CPU
		{413994FD-7FC8-4824-A514-987CB6605463}.Release|Any CPU.Build.0 = Release|Any CPU
		{7812AC94-3E2A-4783-ADB3-13631113911C}.Debug|Any CPU.ActiveCfg = Debug|Any CPU
		{7812AC94-3E2A-4783-ADB3-13631113911C}.Debug|Any CPU.Build.0 = Debug|Any CPU
		{7812AC94-3E2A-4783-ADB3-13631113911C}.Release|Any CPU.ActiveCfg = Release|Any CPU
		{7812AC94-3E2A-4783-ADB3-13631113911C}.Release|Any CPU.Build.0 = Release|Any CPU
		{FE359EFB-6723-48EA-81AD-1B094DA41628}.Debug|Any CPU.ActiveCfg = Debug|Any CPU
		{FE359EFB-6723-48EA-81AD-1B094DA41628}.Debug|Any CPU.Build.0 = Debug|Any CPU
		{FE359EFB-6723-48EA-81AD-1B094DA41628}.Release|Any CPU.ActiveCfg = Release|Any CPU
		{FE359EFB-6723-48EA-81AD-1B094DA41628}.Release|Any CPU.Build.0 = Release|Any CPU
		{25EC82CB-B91D-49D5-899F-226B4BA906F5}.Debug|Any CPU.ActiveCfg = Debug|Any CPU
		{25EC82CB-B91D-49D5-899F-226B4BA906F5}.Debug|Any CPU.Build.0 = Debug|Any CPU
		{25EC82CB-B91D-49D5-899F-226B4BA906F5}.Release|Any CPU.ActiveCfg = Release|Any CPU
		{25EC82CB-B91D-49D5-899F-226B4BA906F5}.Release|Any CPU.Build.0 = Release|Any CPU
		{2A2F641A-9064-4E6E-A624-AFDFC9E1C875}.Debug|Any CPU.ActiveCfg = Debug|Any CPU
		{2A2F641A-9064-4E6E-A624-AFDFC9E1C875}.Debug|Any CPU.Build.0 = Debug|Any CPU
		{2A2F641A-9064-4E6E-A624-AFDFC9E1C875}.Release|Any CPU.ActiveCfg = Release|Any CPU
		{2A2F641A-9064-4E6E-A624-AFDFC9E1C875}.Release|Any CPU.Build.0 = Release|Any CPU
		{9339B389-F686-4C72-954A-3752810F9E2E}.Debug|Any CPU.ActiveCfg = Debug|Any CPU
		{9339B389-F686-4C72-954A-3752810F9E2E}.Debug|Any CPU.Build.0 = Debug|Any CPU
		{9339B389-F686-4C72-954A-3752810F9E2E}.Release|Any CPU.ActiveCfg = Release|Any CPU
		{9339B389-F686-4C72-954A-3752810F9E2E}.Release|Any CPU.Build.0 = Release|Any CPU
	EndGlobalSection
	GlobalSection(SolutionProperties) = preSolution
		HideSolutionNode = FALSE
	EndGlobalSection
EndGlobal
