
Microsoft Visual Studio Solution File, Format Version 12.00
# Visual Studio 2012
Project("{FAE04EC0-301F-11D3-BF4B-00C04F79EFBC}") = "01.FromOneToN", "01.FromOneToN\01.FromOneToN.csproj", "{8B7660E5-1932-420D-89D5-F719D782B99D}"
EndProject
Project("{FAE04EC0-301F-11D3-BF4B-00C04F79EFBC}") = "02.DivisibleByThreeAndSeven", "02.DivisibleByThreeAndSeven\02.DivisibleByThreeAndSeven.csproj", "{AFDCCCEC-E72B-4BD0-8D13-849422230964}"
EndProject
Project("{FAE04EC0-301F-11D3-BF4B-00C04F79EFBC}") = "03.MinMaxSumNAverageFromNumbers", "03.MinMaxSumNAverageFromNumbers\03.MinMaxSumNAverageFromNumbers.csproj", "{40441AD3-D6EC-4E69-9F74-9E46196175FA}"
EndProject
Project("{FAE04EC0-301F-11D3-BF4B-00C04F79EFBC}") = "04.DeckOfCards", "04.DeckOfCards\04.DeckOfCards.csproj", "{A64C0FA5-1275-47EB-A4C0-844A9FE67CDD}"
EndProject
Project("{FAE04EC0-301F-11D3-BF4B-00C04F79EFBC}") = "05.SumFactOverPowOfX", "05.SumFactOverPowOfX\05.SumFactOverPowOfX.csproj", "{AA159057-A9F8-425A-8C52-E0404B7136E2}"
EndProject
Project("{FAE04EC0-301F-11D3-BF4B-00C04F79EFBC}") = "06.CalculateFactorialsDivision", "06.CalculateFactorialsDivision\06.CalculateFactorialsDivision.csproj", "{355B3A7C-441F-4A8A-9960-450E353155F3}"
EndProject
Global
	GlobalSection(SolutionConfigurationPlatforms) = preSolution
		Debug|Any CPU = Debug|Any CPU
		Release|Any CPU = Release|Any CPU
	EndGlobalSection
	GlobalSection(ProjectConfigurationPlatforms) = postSolution
		{8B7660E5-1932-420D-89D5-F719D782B99D}.Debug|Any CPU.ActiveCfg = Debug|Any CPU
		{8B7660E5-1932-420D-89D5-F719D782B99D}.Debug|Any CPU.Build.0 = Debug|Any CPU
		{8B7660E5-1932-420D-89D5-F719D782B99D}.Release|Any CPU.ActiveCfg = Release|Any CPU
		{8B7660E5-1932-420D-89D5-F719D782B99D}.Release|Any CPU.Build.0 = Release|Any CPU
		{AFDCCCEC-E72B-4BD0-8D13-849422230964}.Debug|Any CPU.ActiveCfg = Debug|Any CPU
		{AFDCCCEC-E72B-4BD0-8D13-849422230964}.Debug|Any CPU.Build.0 = Debug|Any CPU
		{AFDCCCEC-E72B-4BD0-8D13-849422230964}.Release|Any CPU.ActiveCfg = Release|Any CPU
		{AFDCCCEC-E72B-4BD0-8D13-849422230964}.Release|Any CPU.Build.0 = Release|Any CPU
		{40441AD3-D6EC-4E69-9F74-9E46196175FA}.Debug|Any CPU.ActiveCfg = Debug|Any CPU
		{40441AD3-D6EC-4E69-9F74-9E46196175FA}.Debug|Any CPU.Build.0 = Debug|Any CPU
		{40441AD3-D6EC-4E69-9F74-9E46196175FA}.Release|Any CPU.ActiveCfg = Release|Any CPU
		{40441AD3-D6EC-4E69-9F74-9E46196175FA}.Release|Any CPU.Build.0 = Release|Any CPU
		{A64C0FA5-1275-47EB-A4C0-844A9FE67CDD}.Debug|Any CPU.ActiveCfg = Debug|Any CPU
		{A64C0FA5-1275-47EB-A4C0-844A9FE67CDD}.Debug|Any CPU.Build.0 = Debug|Any CPU
		{A64C0FA5-1275-47EB-A4C0-844A9FE67CDD}.Release|Any CPU.ActiveCfg = Release|Any CPU
		{A64C0FA5-1275-47EB-A4C0-844A9FE67CDD}.Release|Any CPU.Build.0 = Release|Any CPU
		{AA159057-A9F8-425A-8C52-E0404B7136E2}.Debug|Any CPU.ActiveCfg = Debug|Any CPU
		{AA159057-A9F8-425A-8C52-E0404B7136E2}.Debug|Any CPU.Build.0 = Debug|Any CPU
		{AA159057-A9F8-425A-8C52-E0404B7136E2}.Release|Any CPU.ActiveCfg = Release|Any CPU
		{AA159057-A9F8-425A-8C52-E0404B7136E2}.Release|Any CPU.Build.0 = Release|Any CPU
		{355B3A7C-441F-4A8A-9960-450E353155F3}.Debug|Any CPU.ActiveCfg = Debug|Any CPU
		{355B3A7C-441F-4A8A-9960-450E353155F3}.Debug|Any CPU.Build.0 = Debug|Any CPU
		{355B3A7C-441F-4A8A-9960-450E353155F3}.Release|Any CPU.ActiveCfg = Release|Any CPU
		{355B3A7C-441F-4A8A-9960-450E353155F3}.Release|Any CPU.Build.0 = Release|Any CPU
	EndGlobalSection
	GlobalSection(SolutionProperties) = preSolution
		HideSolutionNode = FALSE
	EndGlobalSection
EndGlobal
