
Microsoft Visual Studio Solution File, Format Version 12.00
# Visual Studio 2012
Project("{FAE04EC0-301F-11D3-BF4B-00C04F79EFBC}") = "01.ExchangeNumbersBySmallestToGreatest", "01.ExchangeNumbersBySmallestToGreatest\01.ExchangeNumbersBySmallestToGreatest.csproj", "{2A5ED253-481C-4374-B70B-4882F9E8A4DB}"
EndProject
Project("{FAE04EC0-301F-11D3-BF4B-00C04F79EFBC}") = "02.BonusScore", "02.BonusScore\02.BonusScore.csproj", "{E6D998ED-F7A7-4F22-92AA-5841699911B3}"
EndProject
Project("{FAE04EC0-301F-11D3-BF4B-00C04F79EFBC}") = "03.PlayCard", "03.PlayCard\03.PlayCard.csproj", "{40E07F6E-63E0-47BC-B835-B1D034F18AAF}"
EndProject
Project("{FAE04EC0-301F-11D3-BF4B-00C04F79EFBC}") = "04.MultiplicationSign", "04.MultiplicationSign\04.MultiplicationSign.csproj", "{AC1BD3C4-E6C6-4870-8213-44C963D6E35E}"
EndProject
Project("{FAE04EC0-301F-11D3-BF4B-00C04F79EFBC}") = "05.TheBiggestOfThreeNumbers", "05.TheBiggestOfThreeNumbers\05.TheBiggestOfThreeNumbers.csproj", "{94619EAC-1D59-468D-B220-034EC7071DFC}"
EndProject
Project("{FAE04EC0-301F-11D3-BF4B-00C04F79EFBC}") = "06.TheBiggestOfFiveNumbers", "06.TheBiggestOfFiveNumbers\06.TheBiggestOfFiveNumbers.csproj", "{BB1FD009-539E-496F-950B-0037ADA1C55B}"
EndProject
Project("{FAE04EC0-301F-11D3-BF4B-00C04F79EFBC}") = "07.Sort3NumbersInDescendingOrder", "07.Sort3NumbersInDescendingOrder\07.Sort3NumbersInDescendingOrder.csproj", "{457A835B-3ED1-460C-968E-5E95306B3098}"
EndProject
Project("{FAE04EC0-301F-11D3-BF4B-00C04F79EFBC}") = "08.DigitsAsWords", "08.DigitsAsWords\08.DigitsAsWords.csproj", "{186C287B-8839-472E-9E56-E1AFD799AF45}"
EndProject
Project("{FAE04EC0-301F-11D3-BF4B-00C04F79EFBC}") = "09.IntDoubleString", "09.IntDoubleString\09.IntDoubleString.csproj", "{EECE389E-1FA5-44A4-A5A4-7E7616B30FA0}"
EndProject
Project("{FAE04EC0-301F-11D3-BF4B-00C04F79EFBC}") = "10.BeerTime", "10.BeerTime\10.BeerTime.csproj", "{F83BF6A4-8DC7-48F5-B14A-D0BBEE86070D}"
EndProject
Project("{FAE04EC0-301F-11D3-BF4B-00C04F79EFBC}") = "11.NumberWithWord's", "11.NumberWithWord's\11.NumberWithWord's.csproj", "{9A6056D5-F338-4FA9-98D1-3576B95BEDF8}"
EndProject
Project("{FAE04EC0-301F-11D3-BF4B-00C04F79EFBC}") = "12.ZeroSubset", "12.ZeroSubset\12.ZeroSubset.csproj", "{3A9789B5-E92E-49BA-ADFC-BBDAEB8ECFF0}"
EndProject
Global
	GlobalSection(SolutionConfigurationPlatforms) = preSolution
		Debug|Any CPU = Debug|Any CPU
		Release|Any CPU = Release|Any CPU
	EndGlobalSection
	GlobalSection(ProjectConfigurationPlatforms) = postSolution
		{2A5ED253-481C-4374-B70B-4882F9E8A4DB}.Debug|Any CPU.ActiveCfg = Debug|Any CPU
		{2A5ED253-481C-4374-B70B-4882F9E8A4DB}.Debug|Any CPU.Build.0 = Debug|Any CPU
		{2A5ED253-481C-4374-B70B-4882F9E8A4DB}.Release|Any CPU.ActiveCfg = Release|Any CPU
		{2A5ED253-481C-4374-B70B-4882F9E8A4DB}.Release|Any CPU.Build.0 = Release|Any CPU
		{E6D998ED-F7A7-4F22-92AA-5841699911B3}.Debug|Any CPU.ActiveCfg = Debug|Any CPU
		{E6D998ED-F7A7-4F22-92AA-5841699911B3}.Debug|Any CPU.Build.0 = Debug|Any CPU
		{E6D998ED-F7A7-4F22-92AA-5841699911B3}.Release|Any CPU.ActiveCfg = Release|Any CPU
		{E6D998ED-F7A7-4F22-92AA-5841699911B3}.Release|Any CPU.Build.0 = Release|Any CPU
		{40E07F6E-63E0-47BC-B835-B1D034F18AAF}.Debug|Any CPU.ActiveCfg = Debug|Any CPU
		{40E07F6E-63E0-47BC-B835-B1D034F18AAF}.Debug|Any CPU.Build.0 = Debug|Any CPU
		{40E07F6E-63E0-47BC-B835-B1D034F18AAF}.Release|Any CPU.ActiveCfg = Release|Any CPU
		{40E07F6E-63E0-47BC-B835-B1D034F18AAF}.Release|Any CPU.Build.0 = Release|Any CPU
		{AC1BD3C4-E6C6-4870-8213-44C963D6E35E}.Debug|Any CPU.ActiveCfg = Debug|Any CPU
		{AC1BD3C4-E6C6-4870-8213-44C963D6E35E}.Debug|Any CPU.Build.0 = Debug|Any CPU
		{AC1BD3C4-E6C6-4870-8213-44C963D6E35E}.Release|Any CPU.ActiveCfg = Release|Any CPU
		{AC1BD3C4-E6C6-4870-8213-44C963D6E35E}.Release|Any CPU.Build.0 = Release|Any CPU
		{94619EAC-1D59-468D-B220-034EC7071DFC}.Debug|Any CPU.ActiveCfg = Debug|Any CPU
		{94619EAC-1D59-468D-B220-034EC7071DFC}.Debug|Any CPU.Build.0 = Debug|Any CPU
		{94619EAC-1D59-468D-B220-034EC7071DFC}.Release|Any CPU.ActiveCfg = Release|Any CPU
		{94619EAC-1D59-468D-B220-034EC7071DFC}.Release|Any CPU.Build.0 = Release|Any CPU
		{BB1FD009-539E-496F-950B-0037ADA1C55B}.Debug|Any CPU.ActiveCfg = Debug|Any CPU
		{BB1FD009-539E-496F-950B-0037ADA1C55B}.Debug|Any CPU.Build.0 = Debug|Any CPU
		{BB1FD009-539E-496F-950B-0037ADA1C55B}.Release|Any CPU.ActiveCfg = Release|Any CPU
		{BB1FD009-539E-496F-950B-0037ADA1C55B}.Release|Any CPU.Build.0 = Release|Any CPU
		{457A835B-3ED1-460C-968E-5E95306B3098}.Debug|Any CPU.ActiveCfg = Debug|Any CPU
		{457A835B-3ED1-460C-968E-5E95306B3098}.Debug|Any CPU.Build.0 = Debug|Any CPU
		{457A835B-3ED1-460C-968E-5E95306B3098}.Release|Any CPU.ActiveCfg = Release|Any CPU
		{457A835B-3ED1-460C-968E-5E95306B3098}.Release|Any CPU.Build.0 = Release|Any CPU
		{186C287B-8839-472E-9E56-E1AFD799AF45}.Debug|Any CPU.ActiveCfg = Debug|Any CPU
		{186C287B-8839-472E-9E56-E1AFD799AF45}.Debug|Any CPU.Build.0 = Debug|Any CPU
		{186C287B-8839-472E-9E56-E1AFD799AF45}.Release|Any CPU.ActiveCfg = Release|Any CPU
		{186C287B-8839-472E-9E56-E1AFD799AF45}.Release|Any CPU.Build.0 = Release|Any CPU
		{EECE389E-1FA5-44A4-A5A4-7E7616B30FA0}.Debug|Any CPU.ActiveCfg = Debug|Any CPU
		{EECE389E-1FA5-44A4-A5A4-7E7616B30FA0}.Debug|Any CPU.Build.0 = Debug|Any CPU
		{EECE389E-1FA5-44A4-A5A4-7E7616B30FA0}.Release|Any CPU.ActiveCfg = Release|Any CPU
		{EECE389E-1FA5-44A4-A5A4-7E7616B30FA0}.Release|Any CPU.Build.0 = Release|Any CPU
		{F83BF6A4-8DC7-48F5-B14A-D0BBEE86070D}.Debug|Any CPU.ActiveCfg = Debug|Any CPU
		{F83BF6A4-8DC7-48F5-B14A-D0BBEE86070D}.Debug|Any CPU.Build.0 = Debug|Any CPU
		{F83BF6A4-8DC7-48F5-B14A-D0BBEE86070D}.Release|Any CPU.ActiveCfg = Release|Any CPU
		{F83BF6A4-8DC7-48F5-B14A-D0BBEE86070D}.Release|Any CPU.Build.0 = Release|Any CPU
		{9A6056D5-F338-4FA9-98D1-3576B95BEDF8}.Debug|Any CPU.ActiveCfg = Debug|Any CPU
		{9A6056D5-F338-4FA9-98D1-3576B95BEDF8}.Debug|Any CPU.Build.0 = Debug|Any CPU
		{9A6056D5-F338-4FA9-98D1-3576B95BEDF8}.Release|Any CPU.ActiveCfg = Release|Any CPU
		{9A6056D5-F338-4FA9-98D1-3576B95BEDF8}.Release|Any CPU.Build.0 = Release|Any CPU
		{3A9789B5-E92E-49BA-ADFC-BBDAEB8ECFF0}.Debug|Any CPU.ActiveCfg = Debug|Any CPU
		{3A9789B5-E92E-49BA-ADFC-BBDAEB8ECFF0}.Debug|Any CPU.Build.0 = Debug|Any CPU
		{3A9789B5-E92E-49BA-ADFC-BBDAEB8ECFF0}.Release|Any CPU.ActiveCfg = Release|Any CPU
		{3A9789B5-E92E-49BA-ADFC-BBDAEB8ECFF0}.Release|Any CPU.Build.0 = Release|Any CPU
	EndGlobalSection
	GlobalSection(SolutionProperties) = preSolution
		HideSolutionNode = FALSE
	EndGlobalSection
EndGlobal
