
Microsoft Visual Studio Solution File, Format Version 12.00
# Visual Studio 2012
Project("{FAE04EC0-301F-11D3-BF4B-00C04F79EFBC}") = "01.FiveVariables", "01.FiveVariables\01.FiveVariables.csproj", "{BA39EDE9-1B40-4A66-AB00-A1B0A0887979}"
EndProject
Project("{FAE04EC0-301F-11D3-BF4B-00C04F79EFBC}") = "02.FloatDouble", "02.FloatDouble\02.FloatDouble.csproj", "{606A106C-20FA-4734-80E6-7CF5BB9ECC78}"
EndProject
Project("{FAE04EC0-301F-11D3-BF4B-00C04F79EFBC}") = "03.Decimal", "03.Decimal\03.Decimal.csproj", "{40C56194-2539-40CC-8671-E18783991468}"
EndProject
Project("{FAE04EC0-301F-11D3-BF4B-00C04F79EFBC}") = "04.HexadecimalFormat", "04.HexadecimalFormat\04.HexadecimalFormat.csproj", "{B7039E95-B812-490A-870E-077EEB3CDC16}"
EndProject
Project("{FAE04EC0-301F-11D3-BF4B-00C04F79EFBC}") = "05.Unicode", "05.Unicode\05.Unicode.csproj", "{D8CC21FF-0146-418A-9425-D879C7EA540D}"
EndProject
Project("{FAE04EC0-301F-11D3-BF4B-00C04F79EFBC}") = "06.FemaleOrNot", "06.FemaleOrNot\06.FemaleOrNot.csproj", "{130F31E4-02E4-4E09-8F16-C19F25D9EAA5}"
EndProject
Project("{FAE04EC0-301F-11D3-BF4B-00C04F79EFBC}") = "07.StringsAndObjects", "07.StringsAndObjects\07.StringsAndObjects.csproj", "{7C43C6EB-674F-478F-8B8E-37CC054CA3BB}"
EndProject
Project("{FAE04EC0-301F-11D3-BF4B-00C04F79EFBC}") = "08.QuotedStrings", "08.QuotedStrings\08.QuotedStrings.csproj", "{6932B4B6-CC7C-4347-A037-EC00D4C8AE93}"
EndProject
Project("{FAE04EC0-301F-11D3-BF4B-00C04F79EFBC}") = "09.CopyRightTriangle", "09.CopyRightTriangle\09.CopyRightTriangle.csproj", "{60166740-660E-4A01-BBA2-BEF6BB1D0B00}"
EndProject
Project("{FAE04EC0-301F-11D3-BF4B-00C04F79EFBC}") = "10.ExchangeVariables", "10.ExchangeVariables\10.ExchangeVariables.csproj", "{2FA05148-E238-421A-9048-161D602E5A5E}"
EndProject
Project("{FAE04EC0-301F-11D3-BF4B-00C04F79EFBC}") = "11.EmployeeDate", "11.EmployeeDate\11.EmployeeDate.csproj", "{4C616DB0-CCBD-4E3E-9597-F1FB440D0F2D}"
EndProject
Project("{FAE04EC0-301F-11D3-BF4B-00C04F79EFBC}") = "12.BankAccount", "12.BankAccount\12.BankAccount.csproj", "{1CD990B4-5985-40A2-93C8-94FA7CC5651F}"
EndProject
Project("{FAE04EC0-301F-11D3-BF4B-00C04F79EFBC}") = "13.NullVariable", "13.NullVariable\13.NullVariable.csproj", "{01DD2CCD-B066-43D4-B121-2555CBBC4D8A}"
EndProject
Project("{FAE04EC0-301F-11D3-BF4B-00C04F79EFBC}") = "14.ASCIITable", "14.ASCIITable\14.ASCIITable.csproj", "{92E12574-A98F-4FE6-BEDE-F7ED92FA2523}"
EndProject
Global
	GlobalSection(SolutionConfigurationPlatforms) = preSolution
		Debug|Any CPU = Debug|Any CPU
		Release|Any CPU = Release|Any CPU
	EndGlobalSection
	GlobalSection(ProjectConfigurationPlatforms) = postSolution
		{BA39EDE9-1B40-4A66-AB00-A1B0A0887979}.Debug|Any CPU.ActiveCfg = Debug|Any CPU
		{BA39EDE9-1B40-4A66-AB00-A1B0A0887979}.Debug|Any CPU.Build.0 = Debug|Any CPU
		{BA39EDE9-1B40-4A66-AB00-A1B0A0887979}.Release|Any CPU.ActiveCfg = Release|Any CPU
		{BA39EDE9-1B40-4A66-AB00-A1B0A0887979}.Release|Any CPU.Build.0 = Release|Any CPU
		{606A106C-20FA-4734-80E6-7CF5BB9ECC78}.Debug|Any CPU.ActiveCfg = Debug|Any CPU
		{606A106C-20FA-4734-80E6-7CF5BB9ECC78}.Debug|Any CPU.Build.0 = Debug|Any CPU
		{606A106C-20FA-4734-80E6-7CF5BB9ECC78}.Release|Any CPU.ActiveCfg = Release|Any CPU
		{606A106C-20FA-4734-80E6-7CF5BB9ECC78}.Release|Any CPU.Build.0 = Release|Any CPU
		{40C56194-2539-40CC-8671-E18783991468}.Debug|Any CPU.ActiveCfg = Debug|Any CPU
		{40C56194-2539-40CC-8671-E18783991468}.Debug|Any CPU.Build.0 = Debug|Any CPU
		{40C56194-2539-40CC-8671-E18783991468}.Release|Any CPU.ActiveCfg = Release|Any CPU
		{40C56194-2539-40CC-8671-E18783991468}.Release|Any CPU.Build.0 = Release|Any CPU
		{B7039E95-B812-490A-870E-077EEB3CDC16}.Debug|Any CPU.ActiveCfg = Debug|Any CPU
		{B7039E95-B812-490A-870E-077EEB3CDC16}.Debug|Any CPU.Build.0 = Debug|Any CPU
		{B7039E95-B812-490A-870E-077EEB3CDC16}.Release|Any CPU.ActiveCfg = Release|Any CPU
		{B7039E95-B812-490A-870E-077EEB3CDC16}.Release|Any CPU.Build.0 = Release|Any CPU
		{D8CC21FF-0146-418A-9425-D879C7EA540D}.Debug|Any CPU.ActiveCfg = Debug|Any CPU
		{D8CC21FF-0146-418A-9425-D879C7EA540D}.Debug|Any CPU.Build.0 = Debug|Any CPU
		{D8CC21FF-0146-418A-9425-D879C7EA540D}.Release|Any CPU.ActiveCfg = Release|Any CPU
		{D8CC21FF-0146-418A-9425-D879C7EA540D}.Release|Any CPU.Build.0 = Release|Any CPU
		{130F31E4-02E4-4E09-8F16-C19F25D9EAA5}.Debug|Any CPU.ActiveCfg = Debug|Any CPU
		{130F31E4-02E4-4E09-8F16-C19F25D9EAA5}.Debug|Any CPU.Build.0 = Debug|Any CPU
		{130F31E4-02E4-4E09-8F16-C19F25D9EAA5}.Release|Any CPU.ActiveCfg = Release|Any CPU
		{130F31E4-02E4-4E09-8F16-C19F25D9EAA5}.Release|Any CPU.Build.0 = Release|Any CPU
		{7C43C6EB-674F-478F-8B8E-37CC054CA3BB}.Debug|Any CPU.ActiveCfg = Debug|Any CPU
		{7C43C6EB-674F-478F-8B8E-37CC054CA3BB}.Debug|Any CPU.Build.0 = Debug|Any CPU
		{7C43C6EB-674F-478F-8B8E-37CC054CA3BB}.Release|Any CPU.ActiveCfg = Release|Any CPU
		{7C43C6EB-674F-478F-8B8E-37CC054CA3BB}.Release|Any CPU.Build.0 = Release|Any CPU
		{6932B4B6-CC7C-4347-A037-EC00D4C8AE93}.Debug|Any CPU.ActiveCfg = Debug|Any CPU
		{6932B4B6-CC7C-4347-A037-EC00D4C8AE93}.Debug|Any CPU.Build.0 = Debug|Any CPU
		{6932B4B6-CC7C-4347-A037-EC00D4C8AE93}.Release|Any CPU.ActiveCfg = Release|Any CPU
		{6932B4B6-CC7C-4347-A037-EC00D4C8AE93}.Release|Any CPU.Build.0 = Release|Any CPU
		{60166740-660E-4A01-BBA2-BEF6BB1D0B00}.Debug|Any CPU.ActiveCfg = Debug|Any CPU
		{60166740-660E-4A01-BBA2-BEF6BB1D0B00}.Debug|Any CPU.Build.0 = Debug|Any CPU
		{60166740-660E-4A01-BBA2-BEF6BB1D0B00}.Release|Any CPU.ActiveCfg = Release|Any CPU
		{60166740-660E-4A01-BBA2-BEF6BB1D0B00}.Release|Any CPU.Build.0 = Release|Any CPU
		{2FA05148-E238-421A-9048-161D602E5A5E}.Debug|Any CPU.ActiveCfg = Debug|Any CPU
		{2FA05148-E238-421A-9048-161D602E5A5E}.Debug|Any CPU.Build.0 = Debug|Any CPU
		{2FA05148-E238-421A-9048-161D602E5A5E}.Release|Any CPU.ActiveCfg = Release|Any CPU
		{2FA05148-E238-421A-9048-161D602E5A5E}.Release|Any CPU.Build.0 = Release|Any CPU
		{4C616DB0-CCBD-4E3E-9597-F1FB440D0F2D}.Debug|Any CPU.ActiveCfg = Debug|Any CPU
		{4C616DB0-CCBD-4E3E-9597-F1FB440D0F2D}.Debug|Any CPU.Build.0 = Debug|Any CPU
		{4C616DB0-CCBD-4E3E-9597-F1FB440D0F2D}.Release|Any CPU.ActiveCfg = Release|Any CPU
		{4C616DB0-CCBD-4E3E-9597-F1FB440D0F2D}.Release|Any CPU.Build.0 = Release|Any CPU
		{1CD990B4-5985-40A2-93C8-94FA7CC5651F}.Debug|Any CPU.ActiveCfg = Debug|Any CPU
		{1CD990B4-5985-40A2-93C8-94FA7CC5651F}.Debug|Any CPU.Build.0 = Debug|Any CPU
		{1CD990B4-5985-40A2-93C8-94FA7CC5651F}.Release|Any CPU.ActiveCfg = Release|Any CPU
		{1CD990B4-5985-40A2-93C8-94FA7CC5651F}.Release|Any CPU.Build.0 = Release|Any CPU
		{01DD2CCD-B066-43D4-B121-2555CBBC4D8A}.Debug|Any CPU.ActiveCfg = Debug|Any CPU
		{01DD2CCD-B066-43D4-B121-2555CBBC4D8A}.Debug|Any CPU.Build.0 = Debug|Any CPU
		{01DD2CCD-B066-43D4-B121-2555CBBC4D8A}.Release|Any CPU.ActiveCfg = Release|Any CPU
		{01DD2CCD-B066-43D4-B121-2555CBBC4D8A}.Release|Any CPU.Build.0 = Release|Any CPU
		{92E12574-A98F-4FE6-BEDE-F7ED92FA2523}.Debug|Any CPU.ActiveCfg = Debug|Any CPU
		{92E12574-A98F-4FE6-BEDE-F7ED92FA2523}.Debug|Any CPU.Build.0 = Debug|Any CPU
		{92E12574-A98F-4FE6-BEDE-F7ED92FA2523}.Release|Any CPU.ActiveCfg = Release|Any CPU
		{92E12574-A98F-4FE6-BEDE-F7ED92FA2523}.Release|Any CPU.Build.0 = Release|Any CPU
	EndGlobalSection
	GlobalSection(SolutionProperties) = preSolution
		HideSolutionNode = FALSE
	EndGlobalSection
EndGlobal
